
Microsoft Visual Studio Solution File, Format Version 12.00
# Visual Studio Version 17
VisualStudioVersion = 17.4.33213.308
MinimumVisualStudioVersion = 10.0.40219.1
Project("{FAE04EC0-301F-11D3-BF4B-00C04F79EFBC}") = "CsvReadingAndDrowingMap", "CsvReadingAndDrowingMap\CsvReadingAndDrowingMap.csproj", "{F58687CD-3DD5-494A-ACF9-B30A35EF9BB2}"
EndProject
Global
	GlobalSection(SolutionConfigurationPlatforms) = preSolution
		Debug|Any CPU = Debug|Any CPU
		Release|Any CPU = Release|Any CPU
	EndGlobalSection
	GlobalSection(ProjectConfigurationPlatforms) = postSolution
		{F58687CD-3DD5-494A-ACF9-B30A35EF9BB2}.Debug|Any CPU.ActiveCfg = Debug|Any CPU
		{F58687CD-3DD5-494A-ACF9-B30A35EF9BB2}.Debug|Any CPU.Build.0 = Debug|Any CPU
		{F58687CD-3DD5-494A-ACF9-B30A35EF9BB2}.Release|Any CPU.ActiveCfg = Release|Any CPU
		{F58687CD-3DD5-494A-ACF9-B30A35EF9BB2}.Release|Any CPU.Build.0 = Release|Any CPU
	EndGlobalSection
	GlobalSection(SolutionProperties) = preSolution
		HideSolutionNode = FALSE
	EndGlobalSection
	GlobalSection(ExtensibilityGlobals) = postSolution
		SolutionGuid = {AC5BA44F-677E-43C0-A832-7E6C183040E8}
	EndGlobalSection
EndGlobal
